# This file is autogenerated, do not edit; changes may be undone by the next 'dep ensure'.


[[projects]]
  branch = "master"
  name = "github.com/go-sql-driver/mysql"
  packages = ["."]
  revision = "bc14601d1bd56421dd60f561e6052c9ed77f9daf"

[[projects]]
  name = "github.com/inconshreveable/log15"
  packages = ["term"]
  revision = "0decfc6c20d9ca0ad143b0e89dcaa20f810b4fb3"
  version = "v2.13"

[[projects]]
  name = "github.com/jinzhu/gorm"
  packages = [
    ".",
    "dialects/mysql",
    "dialects/postgres",
    "dialects/sqlite"
  ]
  revision = "6e1387b44c64dce50b89c2f56ed425f5f73e417c"

[[projects]]
  branch = "master"
  name = "github.com/jinzhu/inflection"
  packages = ["."]
  revision = "1c35d901db3da928c72a72d8458480cc9ade058f"

[[projects]]
  name = "github.com/klauspost/compress"
  packages = [
    "flate",
    "gzip",
    "zlib"
  ]
  revision = "5698df94daded084fa836b7df2ffbf6cbd3dd63a"

[[projects]]
  branch = "master"
  name = "github.com/klauspost/cpuid"
  packages = ["."]
  revision = "ae832f27941af41db13bd6d8efd2493e3b22415a"

[[projects]]
  branch = "master"
  name = "github.com/lib/pq"
  packages = [
    ".",
    "hstore",
    "oid"
  ]
  revision = "88edab0803230a3898347e77b474f8c1820a1f20"

[[projects]]
  branch = "master"
  name = "github.com/mattn/go-colorable"
  packages = ["."]
  revision = "7dc3415be66d7cc68bf0182f35c8d31f8d2ad8a7"

[[projects]]
  branch = "master"
  name = "github.com/mattn/go-isatty"
  packages = ["."]
  revision = "6ca4dbf54d38eea1a992b3c722a76a5d1c4cb25c"

[[projects]]
  name = "github.com/mattn/go-sqlite3"
  packages = ["."]
  revision = "cf92a0c6c881ae9db15f8720a7be6439c24b4b7c"

[[projects]]
  name = "github.com/revel/config"
  packages = ["."]
  revision = "662332b741dd464a886ab0901379c02b9bc5dc30"
  version = "v0.19.0"

[[projects]]
  branch = "master"
  name = "github.com/revel/log15"
  packages = ["."]
  revision = "793412a67da6f8d15fede4c38f5c66272478cb8a"

[[projects]]
  branch = "master"
  name = "github.com/revel/modules"
  packages = [
    "orm/gorm/app",
    "orm/gorm/app/controllers",
    "static/app/controllers",
    "testrunner/app",
    "testrunner/app/controllers"
  ]
  revision = "ccd4ced62a26cd9f238dfe9454f16c644378c5c8"

[[projects]]
  branch = "master"
  name = "github.com/revel/pathtree"
  packages = ["."]
  revision = "41257a1839e945fce74afd070e02bab2ea2c776a"

[[projects]]
  name = "github.com/revel/revel"
  packages = [
    ".",
    "logger",
    "testing"
  ]
  revision = "07d67722d092b5f75865a332ed1a26a5f78e55e5"
  version = "v0.19.0"

[[projects]]
  branch = "master"
  name = "github.com/xeonx/timeago"
  packages = ["."]
  revision = "714e6695c468c22fb6431a914d8c5f9d19fa2367"

[[projects]]
  name = "golang.org/x/crypto"
  packages = [
    "bcrypt",
    "blowfish"
  ]
  revision = "9de5f2eaf759b4c4550b3db39fed2e9e5f86f45c"

[[projects]]
  name = "golang.org/x/net"
  packages = ["websocket"]
  revision = "2fb46b16b8dda405028c50f7c7f0f9dd1fa6bfb1"

[[projects]]
  name = "golang.org/x/sys"
  packages = ["unix"]
  revision = "37707fdb30a5b38865cfb95e5aab41707daec7fd"

[[projects]]
  name = "google.golang.org/appengine"
  packages = ["cloudsql"]
  revision = "150dc57a1b433e64154302bdc40b6bb8aefa313a"
  version = "v1.0.0"

[[projects]]
  name = "gopkg.in/fsnotify.v1"
  packages = ["."]
  revision = "c2828203cd70a50dcccfb2761f8b1f8ceef9a8e9"
  version = "v1.4.7"

[[projects]]
  name = "gopkg.in/natefinch/lumberjack.v2"
  packages = ["."]
  revision = "a96e63847dc3c67d17befa69c303767e2f84e54f"
  version = "v2.1"

[[projects]]
  branch = "v0"
  name = "gopkg.in/stack.v0"
  packages = ["."]
  revision = "9b43fcefddd0178abdabf4d484ab0d695d0011db"

[solve-meta]
  analyzer-name = "dep"
  analyzer-version = 1
  inputs-digest = "b0990e8180dae1e0dfff412800abebebf88510b5c1c2a45195df90df2d1ec418"
  solver-name = "gps-cdcl"
  solver-version = 1
